// !$*UTF8*$!
{
	archiveVersion = 1;
	classes = {
	};
	objectVersion = 46;
	objects = {

/* Begin PBXBuildFile section */
		0CDF4FE917FDF7F40048A1C1 /* RPYahooSportFeed.m in Sources */ = {isa = PBXBuildFile; fileRef = 0CDF4FE817FDF7F40048A1C1 /* RPYahooSportFeed.m */; };
		0CDF4FED17FE019F0048A1C1 /* RPSportsFeedViewController.m in Sources */ = {isa = PBXBuildFile; fileRef = 0CDF4FEB17FE019F0048A1C1 /* RPSportsFeedViewController.m */; };
		0CDF4FEE17FE019F0048A1C1 /* RPSportsFeedViewController.xib in Resources */ = {isa = PBXBuildFile; fileRef = 0CDF4FEC17FE019F0048A1C1 /* RPSportsFeedViewController.xib */; };
		6694DAF600294FD29263C3C1 /* libPods.a in Frameworks */ = {isa = PBXBuildFile; fileRef = 193577D9D5AB432CAA7E597F /* libPods.a */; };
		C7D553BC182D9AB800C2A440 /* RPInteractor.m in Sources */ = {isa = PBXBuildFile; fileRef = C7D553BB182D9AB800C2A440 /* RPInteractor.m */; };
		C7DC215A183039AC00886946 /* RPMockDataSourceManager.m in Sources */ = {isa = PBXBuildFile; fileRef = C7DC2159183039AC00886946 /* RPMockDataSourceManager.m */; };
		C7DC215C18303AF200886946 /* RPSportsFeedViewControllerTesting.m in Sources */ = {isa = PBXBuildFile; fileRef = C7DC215B18303AF200886946 /* RPSportsFeedViewControllerTesting.m */; };
		C7DC215D18303B3100886946 /* RPSportsFeedViewController.m in Sources */ = {isa = PBXBuildFile; fileRef = 0CDF4FEB17FE019F0048A1C1 /* RPSportsFeedViewController.m */; };
		CA6561A717FDDE9000285E4A /* Foundation.framework in Frameworks */ = {isa = PBXBuildFile; fileRef = CA6561A617FDDE9000285E4A /* Foundation.framework */; };
		CA6561A917FDDE9000285E4A /* CoreGraphics.framework in Frameworks */ = {isa = PBXBuildFile; fileRef = CA6561A817FDDE9000285E4A /* CoreGraphics.framework */; };
		CA6561AB17FDDE9000285E4A /* UIKit.framework in Frameworks */ = {isa = PBXBuildFile; fileRef = CA6561AA17FDDE9000285E4A /* UIKit.framework */; };
		CA6561C017FDDE9000285E4A /* XCTest.framework in Frameworks */ = {isa = PBXBuildFile; fileRef = CA6561BF17FDDE9000285E4A /* XCTest.framework */; };
		CA6561C117FDDE9000285E4A /* Foundation.framework in Frameworks */ = {isa = PBXBuildFile; fileRef = CA6561A617FDDE9000285E4A /* Foundation.framework */; };
		CA6561C217FDDE9000285E4A /* UIKit.framework in Frameworks */ = {isa = PBXBuildFile; fileRef = CA6561AA17FDDE9000285E4A /* UIKit.framework */; };
		CA6561DE17FDDED300285E4A /* RPAppDelegate.m in Sources */ = {isa = PBXBuildFile; fileRef = CA6561D717FDDED300285E4A /* RPAppDelegate.m */; };
		CA6561E017FDDED300285E4A /* main.m in Sources */ = {isa = PBXBuildFile; fileRef = CA6561DC17FDDED300285E4A /* main.m */; };
		CA6561EA17FDDF3E00285E4A /* RPDataSourceManager.m in Sources */ = {isa = PBXBuildFile; fileRef = CA6561E917FDDF3E00285E4A /* RPDataSourceManager.m */; };
		CA6561EE17FDE07300285E4A /* RPConnectionManager.m in Sources */ = {isa = PBXBuildFile; fileRef = CA6561ED17FDE07300285E4A /* RPConnectionManager.m */; };
		CA6561F417FDE30000285E4A /* RPParsingManager.m in Sources */ = {isa = PBXBuildFile; fileRef = CA6561F317FDE30000285E4A /* RPParsingManager.m */; };
/* End PBXBuildFile section */

/* Begin PBXContainerItemProxy section */
		CA6561C317FDDE9000285E4A /* PBXContainerItemProxy */ = {
			isa = PBXContainerItemProxy;
			containerPortal = CA65619B17FDDE9000285E4A /* Project object */;
			proxyType = 1;
			remoteGlobalIDString = CA6561A217FDDE9000285E4A;
			remoteInfo = iOSArchitecture;
		};
/* End PBXContainerItemProxy section */

/* Begin PBXFileReference section */
		0CDF4FE717FDF7F40048A1C1 /* RPYahooSportFeed.h */ = {isa = PBXFileReference; fileEncoding = 4; lastKnownFileType = sourcecode.c.h; path = RPYahooSportFeed.h; sourceTree = "<group>"; };
		0CDF4FE817FDF7F40048A1C1 /* RPYahooSportFeed.m */ = {isa = PBXFileReference; fileEncoding = 4; lastKnownFileType = sourcecode.c.objc; path = RPYahooSportFeed.m; sourceTree = "<group>"; };
		0CDF4FEA17FE019F0048A1C1 /* RPSportsFeedViewController.h */ = {isa = PBXFileReference; fileEncoding = 4; lastKnownFileType = sourcecode.c.h; path = RPSportsFeedViewController.h; sourceTree = "<group>"; };
		0CDF4FEB17FE019F0048A1C1 /* RPSportsFeedViewController.m */ = {isa = PBXFileReference; fileEncoding = 4; lastKnownFileType = sourcecode.c.objc; path = RPSportsFeedViewController.m; sourceTree = "<group>"; };
		0CDF4FEC17FE019F0048A1C1 /* RPSportsFeedViewController.xib */ = {isa = PBXFileReference; fileEncoding = 4; lastKnownFileType = file.xib; path = RPSportsFeedViewController.xib; sourceTree = "<group>"; };
		193577D9D5AB432CAA7E597F /* libPods.a */ = {isa = PBXFileReference; explicitFileType = archive.ar; includeInIndex = 0; path = libPods.a; sourceTree = BUILT_PRODUCTS_DIR; };
		3092457E7D9B444F9C2CB2D0 /* Pods.xcconfig */ = {isa = PBXFileReference; includeInIndex = 1; lastKnownFileType = text.xcconfig; name = Pods.xcconfig; path = Pods/Pods.xcconfig; sourceTree = "<group>"; };
		C7CD5EC91803435800CA59D0 /* RPCommonDataSourceManagerDefinitions.h */ = {isa = PBXFileReference; fileEncoding = 4; lastKnownFileType = sourcecode.c.h; path = RPCommonDataSourceManagerDefinitions.h; sourceTree = "<group>"; };
		C7D553BA182D9AB800C2A440 /* RPInteractor.h */ = {isa = PBXFileReference; fileEncoding = 4; lastKnownFileType = sourcecode.c.h; path = RPInteractor.h; sourceTree = "<group>"; };
		C7D553BB182D9AB800C2A440 /* RPInteractor.m */ = {isa = PBXFileReference; fileEncoding = 4; lastKnownFileType = sourcecode.c.objc; path = RPInteractor.m; sourceTree = "<group>"; };
		C7D553BD182D9C0400C2A440 /* RPSportsBoundaryProtocol.h */ = {isa = PBXFileReference; fileEncoding = 4; lastKnownFileType = sourcecode.c.h; path = RPSportsBoundaryProtocol.h; sourceTree = "<group>"; };
		C7DC21551830354D00886946 /* RPDataSourceManagerInjection.h */ = {isa = PBXFileReference; lastKnownFileType = sourcecode.c.h; path = RPDataSourceManagerInjection.h; sourceTree = "<group>"; };
		C7DC2158183039AC00886946 /* RPMockDataSourceManager.h */ = {isa = PBXFileReference; fileEncoding = 4; lastKnownFileType = sourcecode.c.h; path = RPMockDataSourceManager.h; sourceTree = "<group>"; };
		C7DC2159183039AC00886946 /* RPMockDataSourceManager.m */ = {isa = PBXFileReference; fileEncoding = 4; lastKnownFileType = sourcecode.c.objc; path = RPMockDataSourceManager.m; sourceTree = "<group>"; };
		C7DC215B18303AF200886946 /* RPSportsFeedViewControllerTesting.m */ = {isa = PBXFileReference; fileEncoding = 4; lastKnownFileType = sourcecode.c.objc; path = RPSportsFeedViewControllerTesting.m; sourceTree = "<group>"; };
		CA6561A317FDDE9000285E4A /* iOSArchitecture.app */ = {isa = PBXFileReference; explicitFileType = wrapper.application; includeInIndex = 0; path = iOSArchitecture.app; sourceTree = BUILT_PRODUCTS_DIR; };
		CA6561A617FDDE9000285E4A /* Foundation.framework */ = {isa = PBXFileReference; lastKnownFileType = wrapper.framework; name = Foundation.framework; path = System/Library/Frameworks/Foundation.framework; sourceTree = SDKROOT; };
		CA6561A817FDDE9000285E4A /* CoreGraphics.framework */ = {isa = PBXFileReference; lastKnownFileType = wrapper.framework; name = CoreGraphics.framework; path = System/Library/Frameworks/CoreGraphics.framework; sourceTree = SDKROOT; };
		CA6561AA17FDDE9000285E4A /* UIKit.framework */ = {isa = PBXFileReference; lastKnownFileType = wrapper.framework; name = UIKit.framework; path = System/Library/Frameworks/UIKit.framework; sourceTree = SDKROOT; };
		CA6561BE17FDDE9000285E4A /* iOSArchitectureTests.xctest */ = {isa = PBXFileReference; explicitFileType = wrapper.cfbundle; includeInIndex = 0; path = iOSArchitectureTests.xctest; sourceTree = BUILT_PRODUCTS_DIR; };
		CA6561BF17FDDE9000285E4A /* XCTest.framework */ = {isa = PBXFileReference; lastKnownFileType = wrapper.framework; name = XCTest.framework; path = Library/Frameworks/XCTest.framework; sourceTree = DEVELOPER_DIR; };
		CA6561D617FDDED300285E4A /* RPAppDelegate.h */ = {isa = PBXFileReference; fileEncoding = 4; lastKnownFileType = sourcecode.c.h; path = RPAppDelegate.h; sourceTree = "<group>"; };
		CA6561D717FDDED300285E4A /* RPAppDelegate.m */ = {isa = PBXFileReference; fileEncoding = 4; lastKnownFileType = sourcecode.c.objc; path = RPAppDelegate.m; sourceTree = "<group>"; };
		CA6561DA17FDDED300285E4A /* iOSArchitecture-Info.plist */ = {isa = PBXFileReference; fileEncoding = 4; lastKnownFileType = text.plist.xml; path = "iOSArchitecture-Info.plist"; sourceTree = "<group>"; };
		CA6561DB17FDDED300285E4A /* iOSArchitecture-Prefix.pch */ = {isa = PBXFileReference; fileEncoding = 4; lastKnownFileType = sourcecode.c.h; path = "iOSArchitecture-Prefix.pch"; sourceTree = "<group>"; };
		CA6561DC17FDDED300285E4A /* main.m */ = {isa = PBXFileReference; fileEncoding = 4; lastKnownFileType = sourcecode.c.objc; path = main.m; sourceTree = "<group>"; };
		CA6561E217FDDF0D00285E4A /* iOSArchitectureTests-Info.plist */ = {isa = PBXFileReference; fileEncoding = 4; lastKnownFileType = text.plist.xml; path = "iOSArchitectureTests-Info.plist"; sourceTree = "<group>"; };
		CA6561E817FDDF3E00285E4A /* RPDataSourceManager.h */ = {isa = PBXFileReference; fileEncoding = 4; lastKnownFileType = sourcecode.c.h; path = RPDataSourceManager.h; sourceTree = "<group>"; };
		CA6561E917FDDF3E00285E4A /* RPDataSourceManager.m */ = {isa = PBXFileReference; fileEncoding = 4; lastKnownFileType = sourcecode.c.objc; path = RPDataSourceManager.m; sourceTree = "<group>"; };
		CA6561EC17FDE07300285E4A /* RPConnectionManager.h */ = {isa = PBXFileReference; fileEncoding = 4; lastKnownFileType = sourcecode.c.h; path = RPConnectionManager.h; sourceTree = "<group>"; };
		CA6561ED17FDE07300285E4A /* RPConnectionManager.m */ = {isa = PBXFileReference; fileEncoding = 4; lastKnownFileType = sourcecode.c.objc; path = RPConnectionManager.m; sourceTree = "<group>"; };
		CA6561F217FDE30000285E4A /* RPParsingManager.h */ = {isa = PBXFileReference; fileEncoding = 4; lastKnownFileType = sourcecode.c.h; path = RPParsingManager.h; sourceTree = "<group>"; };
		CA6561F317FDE30000285E4A /* RPParsingManager.m */ = {isa = PBXFileReference; fileEncoding = 4; lastKnownFileType = sourcecode.c.objc; path = RPParsingManager.m; sourceTree = "<group>"; };
/* End PBXFileReference section */

/* Begin PBXFrameworksBuildPhase section */
		CA6561A017FDDE9000285E4A /* Frameworks */ = {
			isa = PBXFrameworksBuildPhase;
			buildActionMask = 2147483647;
			files = (
				CA6561A917FDDE9000285E4A /* CoreGraphics.framework in Frameworks */,
				CA6561AB17FDDE9000285E4A /* UIKit.framework in Frameworks */,
				CA6561A717FDDE9000285E4A /* Foundation.framework in Frameworks */,
				6694DAF600294FD29263C3C1 /* libPods.a in Frameworks */,
			);
			runOnlyForDeploymentPostprocessing = 0;
		};
		CA6561BB17FDDE9000285E4A /* Frameworks */ = {
			isa = PBXFrameworksBuildPhase;
			buildActionMask = 2147483647;
			files = (
				CA6561C017FDDE9000285E4A /* XCTest.framework in Frameworks */,
				CA6561C217FDDE9000285E4A /* UIKit.framework in Frameworks */,
				CA6561C117FDDE9000285E4A /* Foundation.framework in Frameworks */,
			);
			runOnlyForDeploymentPostprocessing = 0;
		};
/* End PBXFrameworksBuildPhase section */

/* Begin PBXGroup section */
		0CDF4FE617FDF7E90048A1C1 /* Basic Classes */ = {
			isa = PBXGroup;
			children = (
				0CDF4FE717FDF7F40048A1C1 /* RPYahooSportFeed.h */,
				0CDF4FE817FDF7F40048A1C1 /* RPYahooSportFeed.m */,
			);
			path = "Basic Classes";
			sourceTree = "<group>";
		};
		C7CD5EC81803435800CA59D0 /* Constants */ = {
			isa = PBXGroup;
			children = (
				C7CD5EC91803435800CA59D0 /* RPCommonDataSourceManagerDefinitions.h */,
			);
			path = Constants;
			sourceTree = "<group>";
		};
		C7D553B8182D9A5D00C2A440 /* Interactor */ = {
			isa = PBXGroup;
			children = (
				C7D553B9182D9AA300C2A440 /* Protocols */,
				C7D553BA182D9AB800C2A440 /* RPInteractor.h */,
				C7D553BB182D9AB800C2A440 /* RPInteractor.m */,
			);
			path = Interactor;
			sourceTree = "<group>";
		};
		C7D553B9182D9AA300C2A440 /* Protocols */ = {
			isa = PBXGroup;
			children = (
				C7D553BD182D9C0400C2A440 /* RPSportsBoundaryProtocol.h */,
			);
			path = Protocols;
			sourceTree = "<group>";
		};
		C7DC2154183034D100886946 /* Protocols */ = {
			isa = PBXGroup;
			children = (
				C7DC21551830354D00886946 /* RPDataSourceManagerInjection.h */,
			);
			path = Protocols;
			sourceTree = "<group>";
		};
		C7DC21561830399A00886946 /* Mock Classes */ = {
			isa = PBXGroup;
			children = (
				C7DC2158183039AC00886946 /* RPMockDataSourceManager.h */,
				C7DC2159183039AC00886946 /* RPMockDataSourceManager.m */,
			);
			path = "Mock Classes";
			sourceTree = "<group>";
		};
		C7DC21571830399A00886946 /* UIViewController Testing */ = {
			isa = PBXGroup;
			children = (
				C7DC215B18303AF200886946 /* RPSportsFeedViewControllerTesting.m */,
			);
			path = "UIViewController Testing";
			sourceTree = "<group>";
		};
		CA65619A17FDDE9000285E4A = {
			isa = PBXGroup;
			children = (
				CA6561AC17FDDE9000285E4A /* iOSArchitecture */,
				CA6561C517FDDE9000285E4A /* iOSArchitectureTests */,
				CA6561A517FDDE9000285E4A /* Frameworks */,
				CA6561A417FDDE9000285E4A /* Products */,
				3092457E7D9B444F9C2CB2D0 /* Pods.xcconfig */,
			);
			indentWidth = 4;
			sourceTree = "<group>";
			tabWidth = 4;
			usesTabs = 0;
		};
		CA6561A417FDDE9000285E4A /* Products */ = {
			isa = PBXGroup;
			children = (
				CA6561A317FDDE9000285E4A /* iOSArchitecture.app */,
				CA6561BE17FDDE9000285E4A /* iOSArchitectureTests.xctest */,
			);
			name = Products;
			sourceTree = "<group>";
		};
		CA6561A517FDDE9000285E4A /* Frameworks */ = {
			isa = PBXGroup;
			children = (
				CA6561A617FDDE9000285E4A /* Foundation.framework */,
				CA6561A817FDDE9000285E4A /* CoreGraphics.framework */,
				CA6561AA17FDDE9000285E4A /* UIKit.framework */,
				CA6561BF17FDDE9000285E4A /* XCTest.framework */,
				193577D9D5AB432CAA7E597F /* libPods.a */,
			);
			name = Frameworks;
			sourceTree = "<group>";
		};
		CA6561AC17FDDE9000285E4A /* iOSArchitecture */ = {
			isa = PBXGroup;
			children = (
				CA6561D517FDDED300285E4A /* App Delegate */,
				CA6561D817FDDED300285E4A /* Components */,
				CA6561D917FDDED300285E4A /* Supporting Files */,
				CA6561DD17FDDED300285E4A /* View Controllers */,
			);
			path = iOSArchitecture;
			sourceTree = "<group>";
		};
		CA6561C517FDDE9000285E4A /* iOSArchitectureTests */ = {
			isa = PBXGroup;
			children = (
				C7DC21561830399A00886946 /* Mock Classes */,
				C7DC21571830399A00886946 /* UIViewController Testing */,
				CA6561E117FDDF0D00285E4A /* Supporting Files */,
			);
			path = iOSArchitectureTests;
			sourceTree = "<group>";
		};
		CA6561D517FDDED300285E4A /* App Delegate */ = {
			isa = PBXGroup;
			children = (
				CA6561D617FDDED300285E4A /* RPAppDelegate.h */,
				CA6561D717FDDED300285E4A /* RPAppDelegate.m */,
			);
			path = "App Delegate";
			sourceTree = "<group>";
		};
		CA6561D817FDDED300285E4A /* Components */ = {
			isa = PBXGroup;
			children = (
				C7D553B8182D9A5D00C2A440 /* Interactor */,
				0CDF4FE617FDF7E90048A1C1 /* Basic Classes */,
				CA6561E717FDDF3100285E4A /* Data Source Manager */,
			);
			path = Components;
			sourceTree = "<group>";
		};
		CA6561D917FDDED300285E4A /* Supporting Files */ = {
			isa = PBXGroup;
			children = (
				CA6561DA17FDDED300285E4A /* iOSArchitecture-Info.plist */,
				CA6561DB17FDDED300285E4A /* iOSArchitecture-Prefix.pch */,
				CA6561DC17FDDED300285E4A /* main.m */,
			);
			path = "Supporting Files";
			sourceTree = "<group>";
		};
		CA6561DD17FDDED300285E4A /* View Controllers */ = {
			isa = PBXGroup;
			children = (
				C7DC2154183034D100886946 /* Protocols */,
				0CDF4FEA17FE019F0048A1C1 /* RPSportsFeedViewController.h */,
				0CDF4FEB17FE019F0048A1C1 /* RPSportsFeedViewController.m */,
				0CDF4FEC17FE019F0048A1C1 /* RPSportsFeedViewController.xib */,
			);
			path = "View Controllers";
			sourceTree = "<group>";
		};
		CA6561E117FDDF0D00285E4A /* Supporting Files */ = {
			isa = PBXGroup;
			children = (
				CA6561E217FDDF0D00285E4A /* iOSArchitectureTests-Info.plist */,
			);
			path = "Supporting Files";
			sourceTree = "<group>";
		};
		CA6561E717FDDF3100285E4A /* Data Source Manager */ = {
			isa = PBXGroup;
			children = (
				C7CD5EC81803435800CA59D0 /* Constants */,
				CA6561F117FDE2EE00285E4A /* Parsing Manager */,
				CA6561EB17FDE06400285E4A /* Connection Manager */,
				CA6561E817FDDF3E00285E4A /* RPDataSourceManager.h */,
				CA6561E917FDDF3E00285E4A /* RPDataSourceManager.m */,
			);
			path = "Data Source Manager";
			sourceTree = "<group>";
		};
		CA6561EB17FDE06400285E4A /* Connection Manager */ = {
			isa = PBXGroup;
			children = (
				CA6561EC17FDE07300285E4A /* RPConnectionManager.h */,
				CA6561ED17FDE07300285E4A /* RPConnectionManager.m */,
			);
			path = "Connection Manager";
			sourceTree = "<group>";
		};
		CA6561F117FDE2EE00285E4A /* Parsing Manager */ = {
			isa = PBXGroup;
			children = (
				CA6561F217FDE30000285E4A /* RPParsingManager.h */,
				CA6561F317FDE30000285E4A /* RPParsingManager.m */,
			);
			path = "Parsing Manager";
			sourceTree = "<group>";
		};
/* End PBXGroup section */

/* Begin PBXNativeTarget section */
		CA6561A217FDDE9000285E4A /* iOSArchitecture */ = {
			isa = PBXNativeTarget;
			buildConfigurationList = CA6561CF17FDDE9000285E4A /* Build configuration list for PBXNativeTarget "iOSArchitecture" */;
			buildPhases = (
				6674DBC25A5F4D5EBEEB27C7 /* Check Pods Manifest.lock */,
				CA65619F17FDDE9000285E4A /* Sources */,
				CA6561A017FDDE9000285E4A /* Frameworks */,
				CA6561A117FDDE9000285E4A /* Resources */,
				31A90A136BE44C549573B923 /* Warn for TODO and FIXME comments */,
				BED34AFFDCBD487D99B7C64C /* Copy Pods Resources */,
			);
			buildRules = (
			);
			dependencies = (
			);
			name = iOSArchitecture;
			productName = iOSArchitecture;
			productReference = CA6561A317FDDE9000285E4A /* iOSArchitecture.app */;
			productType = "com.apple.product-type.application";
		};
		CA6561BD17FDDE9000285E4A /* iOSArchitectureTests */ = {
			isa = PBXNativeTarget;
			buildConfigurationList = CA6561D217FDDE9000285E4A /* Build configuration list for PBXNativeTarget "iOSArchitectureTests" */;
			buildPhases = (
				CA6561BA17FDDE9000285E4A /* Sources */,
				CA6561BB17FDDE9000285E4A /* Frameworks */,
				CA6561BC17FDDE9000285E4A /* Resources */,
			);
			buildRules = (
			);
			dependencies = (
				CA6561C417FDDE9000285E4A /* PBXTargetDependency */,
			);
			name = iOSArchitectureTests;
			productName = iOSArchitectureTests;
			productReference = CA6561BE17FDDE9000285E4A /* iOSArchitectureTests.xctest */;
			productType = "com.apple.product-type.bundle.unit-test";
		};
/* End PBXNativeTarget section */

/* Begin PBXProject section */
		CA65619B17FDDE9000285E4A /* Project object */ = {
			isa = PBXProject;
			attributes = {
				CLASSPREFIX = RP;
				LastUpgradeCheck = 0500;
				ORGANIZATIONNAME = "Rui Peres";
				TargetAttributes = {
					CA6561BD17FDDE9000285E4A = {
						TestTargetID = CA6561A217FDDE9000285E4A;
					};
				};
			};
			buildConfigurationList = CA65619E17FDDE9000285E4A /* Build configuration list for PBXProject "iOSArchitecture" */;
			compatibilityVersion = "Xcode 3.2";
			developmentRegion = English;
			hasScannedForEncodings = 0;
			knownRegions = (
				en,
			);
			mainGroup = CA65619A17FDDE9000285E4A;
			productRefGroup = CA6561A417FDDE9000285E4A /* Products */;
			projectDirPath = "";
			projectRoot = "";
			targets = (
				CA6561A217FDDE9000285E4A /* iOSArchitecture */,
				CA6561BD17FDDE9000285E4A /* iOSArchitectureTests */,
			);
		};
/* End PBXProject section */

/* Begin PBXResourcesBuildPhase section */
		CA6561A117FDDE9000285E4A /* Resources */ = {
			isa = PBXResourcesBuildPhase;
			buildActionMask = 2147483647;
			files = (
				0CDF4FEE17FE019F0048A1C1 /* RPSportsFeedViewController.xib in Resources */,
			);
			runOnlyForDeploymentPostprocessing = 0;
		};
		CA6561BC17FDDE9000285E4A /* Resources */ = {
			isa = PBXResourcesBuildPhase;
			buildActionMask = 2147483647;
			files = (
			);
			runOnlyForDeploymentPostprocessing = 0;
		};
/* End PBXResourcesBuildPhase section */

/* Begin PBXShellScriptBuildPhase section */
		31A90A136BE44C549573B923 /* Warn for TODO and FIXME comments */ = {
			isa = PBXShellScriptBuildPhase;
			buildActionMask = 2147483647;
			files = (
			);
			inputPaths = (
			);
			name = "Warn for TODO and FIXME comments";
			outputPaths = (
			);
			runOnlyForDeploymentPostprocessing = 0;
			shellPath = /bin/sh;
			shellScript = "KEYWORDS=\"TODO:|FIXME:|\\?\\?\\?:|\\!\\!\\!:\"\nFILE_EXTENSIONS=\"h|m|mm|c|cpp\"\nfind -E \"${SRCROOT}\" -ipath \"${SRCROOT}/pods\" -prune -o \\( -regex \".*\\.($FILE_EXTENSIONS)$\" \\) -print0 | xargs -0 egrep --with-filename --line-number --only-matching \"($KEYWORDS).*\\$\" | perl -p -e \"s/($KEYWORDS)/ warning: \\$1/\"\n";
		};
		6674DBC25A5F4D5EBEEB27C7 /* Check Pods Manifest.lock */ = {
			isa = PBXShellScriptBuildPhase;
			buildActionMask = 2147483647;
			files = (
			);
			inputPaths = (
			);
			name = "Check Pods Manifest.lock";
			outputPaths = (
			);
			runOnlyForDeploymentPostprocessing = 0;
			shellPath = /bin/sh;
			shellScript = "diff \"${PODS_ROOT}/../Podfile.lock\" \"${PODS_ROOT}/Manifest.lock\" > /dev/null\nif [[ $? != 0 ]] ; then\n    cat << EOM\nerror: The sandbox is not in sync with the Podfile.lock. Run 'pod install' or update your CocoaPods installation.\nEOM\n    exit 1\nfi\n";
			showEnvVarsInLog = 0;
		};
		BED34AFFDCBD487D99B7C64C /* Copy Pods Resources */ = {
			isa = PBXShellScriptBuildPhase;
			buildActionMask = 2147483647;
			files = (
			);
			inputPaths = (
			);
			name = "Copy Pods Resources";
			outputPaths = (
			);
			runOnlyForDeploymentPostprocessing = 0;
			shellPath = /bin/sh;
			shellScript = "\"${SRCROOT}/Pods/Pods-resources.sh\"\n";
			showEnvVarsInLog = 0;
		};
/* End PBXShellScriptBuildPhase section */

/* Begin PBXSourcesBuildPhase section */
		CA65619F17FDDE9000285E4A /* Sources */ = {
			isa = PBXSourcesBuildPhase;
			buildActionMask = 2147483647;
			files = (
				CA6561E017FDDED300285E4A /* main.m in Sources */,
				CA6561F417FDE30000285E4A /* RPParsingManager.m in Sources */,
				CA6561EE17FDE07300285E4A /* RPConnectionManager.m in Sources */,
				0CDF4FED17FE019F0048A1C1 /* RPSportsFeedViewController.m in Sources */,
				0CDF4FE917FDF7F40048A1C1 /* RPYahooSportFeed.m in Sources */,
				CA6561DE17FDDED300285E4A /* RPAppDelegate.m in Sources */,
				C7D553BC182D9AB800C2A440 /* RPInteractor.m in Sources */,
				CA6561EA17FDDF3E00285E4A /* RPDataSourceManager.m in Sources */,
			);
			runOnlyForDeploymentPostprocessing = 0;
		};
		CA6561BA17FDDE9000285E4A /* Sources */ = {
			isa = PBXSourcesBuildPhase;
			buildActionMask = 2147483647;
			files = (
				C7DC215C18303AF200886946 /* RPSportsFeedViewControllerTesting.m in Sources */,
				C7DC215A183039AC00886946 /* RPMockDataSourceManager.m in Sources */,
				C7DC215D18303B3100886946 /* RPSportsFeedViewController.m in Sources */,
			);
			runOnlyForDeploymentPostprocessing = 0;
		};
/* End PBXSourcesBuildPhase section */

/* Begin PBXTargetDependency section */
		CA6561C417FDDE9000285E4A /* PBXTargetDependency */ = {
			isa = PBXTargetDependency;
			target = CA6561A217FDDE9000285E4A /* iOSArchitecture */;
			targetProxy = CA6561C317FDDE9000285E4A /* PBXContainerItemProxy */;
		};
/* End PBXTargetDependency section */

/* Begin XCBuildConfiguration section */
		CA6561CD17FDDE9000285E4A /* Debug */ = {
			isa = XCBuildConfiguration;
			buildSettings = {
				ALWAYS_SEARCH_USER_PATHS = NO;
				ARCHS = "$(ARCHS_STANDARD_INCLUDING_64_BIT)";
				CLANG_CXX_LANGUAGE_STANDARD = "gnu++0x";
				CLANG_CXX_LIBRARY = "libc++";
				CLANG_ENABLE_MODULES = YES;
				CLANG_ENABLE_OBJC_ARC = YES;
				CLANG_WARN_BOOL_CONVERSION = YES;
				CLANG_WARN_CONSTANT_CONVERSION = YES;
				CLANG_WARN_DEPRECATED_OBJC_IMPLEMENTATIONS = YES;
				CLANG_WARN_DIRECT_OBJC_ISA_USAGE = YES_ERROR;
				CLANG_WARN_EMPTY_BODY = YES;
				CLANG_WARN_ENUM_CONVERSION = YES;
				CLANG_WARN_INT_CONVERSION = YES;
				CLANG_WARN_OBJC_IMPLICIT_RETAIN_SELF = YES;
				CLANG_WARN_OBJC_ROOT_CLASS = YES_ERROR;
				CLANG_WARN__DUPLICATE_METHOD_MATCH = YES;
				"CODE_SIGN_IDENTITY[sdk=iphoneos*]" = "iPhone Developer";
				COPY_PHASE_STRIP = NO;
				GCC_C_LANGUAGE_STANDARD = gnu99;
				GCC_DYNAMIC_NO_PIC = NO;
				GCC_OPTIMIZATION_LEVEL = 0;
				GCC_PREPROCESSOR_DEFINITIONS = (
					"DEBUG=1",
					"$(inherited)",
				);
				GCC_SYMBOLS_PRIVATE_EXTERN = NO;
				GCC_WARN_64_TO_32_BIT_CONVERSION = YES;
				GCC_WARN_ABOUT_MISSING_FIELD_INITIALIZERS = YES;
				GCC_WARN_ABOUT_MISSING_NEWLINE = YES;
				GCC_WARN_ABOUT_RETURN_TYPE = YES;
				GCC_WARN_CHECK_SWITCH_STATEMENTS = YES;
				GCC_WARN_INITIALIZER_NOT_FULLY_BRACKETED = YES;
				GCC_WARN_MISSING_PARENTHESES = YES;
				GCC_WARN_SHADOW = YES;
				GCC_WARN_SIGN_COMPARE = YES;
				GCC_WARN_TYPECHECK_CALLS_TO_PRINTF = YES;
				GCC_WARN_UNDECLARED_SELECTOR = YES;
				GCC_WARN_UNINITIALIZED_AUTOS = YES;
				GCC_WARN_UNUSED_FUNCTION = YES;
				GCC_WARN_UNUSED_LABEL = YES;
				GCC_WARN_UNUSED_VALUE = YES;
				GCC_WARN_UNUSED_VARIABLE = YES;
				IPHONEOS_DEPLOYMENT_TARGET = 7.0;
				ONLY_ACTIVE_ARCH = YES;
				RUN_CLANG_STATIC_ANALYZER = YES;
				SDKROOT = iphoneos;
			};
			name = Debug;
		};
		CA6561CE17FDDE9000285E4A /* Release */ = {
			isa = XCBuildConfiguration;
			buildSettings = {
				ALWAYS_SEARCH_USER_PATHS = NO;
				ARCHS = "$(ARCHS_STANDARD_INCLUDING_64_BIT)";
				CLANG_CXX_LANGUAGE_STANDARD = "gnu++0x";
				CLANG_CXX_LIBRARY = "libc++";
				CLANG_ENABLE_MODULES = YES;
				CLANG_ENABLE_OBJC_ARC = YES;
				CLANG_WARN_BOOL_CONVERSION = YES;
				CLANG_WARN_CONSTANT_CONVERSION = YES;
				CLANG_WARN_DEPRECATED_OBJC_IMPLEMENTATIONS = YES;
				CLANG_WARN_DIRECT_OBJC_ISA_USAGE = YES_ERROR;
				CLANG_WARN_EMPTY_BODY = YES;
				CLANG_WARN_ENUM_CONVERSION = YES;
				CLANG_WARN_INT_CONVERSION = YES;
				CLANG_WARN_OBJC_IMPLICIT_RETAIN_SELF = YES;
				CLANG_WARN_OBJC_ROOT_CLASS = YES_ERROR;
				CLANG_WARN__DUPLICATE_METHOD_MATCH = YES;
				"CODE_SIGN_IDENTITY[sdk=iphoneos*]" = "iPhone Developer";
				COPY_PHASE_STRIP = YES;
				ENABLE_NS_ASSERTIONS = NO;
				GCC_C_LANGUAGE_STANDARD = gnu99;
				GCC_WARN_64_TO_32_BIT_CONVERSION = YES;
				GCC_WARN_ABOUT_MISSING_FIELD_INITIALIZERS = YES;
				GCC_WARN_ABOUT_MISSING_NEWLINE = YES;
				GCC_WARN_ABOUT_RETURN_TYPE = YES;
				GCC_WARN_CHECK_SWITCH_STATEMENTS = YES;
				GCC_WARN_INITIALIZER_NOT_FULLY_BRACKETED = YES;
				GCC_WARN_MISSING_PARENTHESES = YES;
				GCC_WARN_SHADOW = YES;
				GCC_WARN_SIGN_COMPARE = YES;
				GCC_WARN_TYPECHECK_CALLS_TO_PRINTF = YES;
				GCC_WARN_UNDECLARED_SELECTOR = YES;
				GCC_WARN_UNINITIALIZED_AUTOS = YES;
				GCC_WARN_UNUSED_FUNCTION = YES;
				GCC_WARN_UNUSED_LABEL = YES;
				GCC_WARN_UNUSED_VALUE = YES;
				GCC_WARN_UNUSED_VARIABLE = YES;
				IPHONEOS_DEPLOYMENT_TARGET = 7.0;
				RUN_CLANG_STATIC_ANALYZER = YES;
				SDKROOT = iphoneos;
				VALIDATE_PRODUCT = YES;
			};
			name = Release;
		};
		CA6561D017FDDE9000285E4A /* Debug */ = {
			isa = XCBuildConfiguration;
			baseConfigurationReference = 3092457E7D9B444F9C2CB2D0 /* Pods.xcconfig */;
			buildSettings = {
				ASSETCATALOG_COMPILER_APPICON_NAME = AppIcon;
				ASSETCATALOG_COMPILER_LAUNCHIMAGE_NAME = LaunchImage;
				GCC_PRECOMPILE_PREFIX_HEADER = YES;
				GCC_PREFIX_HEADER = "iOSArchitecture/Supporting Files/iOSArchitecture-Prefix.pch";
				INFOPLIST_FILE = "iOSArchitecture/Supporting Files/iOSArchitecture-Info.plist";
				PRODUCT_NAME = "$(TARGET_NAME)";
				WRAPPER_EXTENSION = app;
			};
			name = Debug;
		};
		CA6561D117FDDE9000285E4A /* Release */ = {
			isa = XCBuildConfiguration;
			baseConfigurationReference = 3092457E7D9B444F9C2CB2D0 /* Pods.xcconfig */;
			buildSettings = {
				ASSETCATALOG_COMPILER_APPICON_NAME = AppIcon;
				ASSETCATALOG_COMPILER_LAUNCHIMAGE_NAME = LaunchImage;
				GCC_PRECOMPILE_PREFIX_HEADER = YES;
				GCC_PREFIX_HEADER = "iOSArchitecture/Supporting Files/iOSArchitecture-Prefix.pch";
				INFOPLIST_FILE = "iOSArchitecture/Supporting Files/iOSArchitecture-Info.plist";
				PRODUCT_NAME = "$(TARGET_NAME)";
				WRAPPER_EXTENSION = app;
			};
			name = Release;
		};
		CA6561D317FDDE9000285E4A /* Debug */ = {
			isa = XCBuildConfiguration;
			buildSettings = {
				ARCHS = "$(ARCHS_STANDARD_INCLUDING_64_BIT)";
				BUNDLE_LOADER = "$(BUILT_PRODUCTS_DIR)/iOSArchitecture.app/iOSArchitecture";
				FRAMEWORK_SEARCH_PATHS = (
					"$(SDKROOT)/Developer/Library/Frameworks",
					"$(inherited)",
					"$(DEVELOPER_FRAMEWORKS_DIR)",
				);
				GCC_PRECOMPILE_PREFIX_HEADER = YES;
				GCC_PREFIX_HEADER = "iOSArchitecture/Supporting Files/iOSArchitecture-Prefix.pch";
				GCC_PREPROCESSOR_DEFINITIONS = (
					"DEBUG=1",
					"$(inherited)",
				);
				INFOPLIST_FILE = "iOSArchitectureTests/Supporting Files/iOSArchitectureTests-Info.plist";
				PRODUCT_NAME = "$(TARGET_NAME)";
				TEST_HOST = "$(BUNDLE_LOADER)";
				WRAPPER_EXTENSION = xctest;
			};
			name = Debug;
		};
		CA6561D417FDDE9000285E4A /* Release */ = {
			isa = XCBuildConfiguration;
			buildSettings = {
				ARCHS = "$(ARCHS_STANDARD_INCLUDING_64_BIT)";
				BUNDLE_LOADER = "$(BUILT_PRODUCTS_DIR)/iOSArchitecture.app/iOSArchitecture";
				FRAMEWORK_SEARCH_PATHS = (
					"$(SDKROOT)/Developer/Library/Frameworks",
					"$(inherited)",
					"$(DEVELOPER_FRAMEWORKS_DIR)",
				);
				GCC_PRECOMPILE_PREFIX_HEADER = YES;
				GCC_PREFIX_HEADER = "iOSArchitecture/Supporting Files/iOSArchitecture-Prefix.pch";
				INFOPLIST_FILE = "iOSArchitectureTests/Supporting Files/iOSArchitectureTests-Info.plist";
				PRODUCT_NAME = "$(TARGET_NAME)";
				TEST_HOST = "$(BUNDLE_LOADER)";
				WRAPPER_EXTENSION = xctest;
			};
			name = Release;
		};
/* End XCBuildConfiguration section */

/* Begin XCConfigurationList section */
		CA65619E17FDDE9000285E4A /* Build configuration list for PBXProject "iOSArchitecture" */ = {
			isa = XCConfigurationList;
			buildConfigurations = (
				CA6561CD17FDDE9000285E4A /* Debug */,
				CA6561CE17FDDE9000285E4A /* Release */,
			);
			defaultConfigurationIsVisible = 0;
			defaultConfigurationName = Release;
		};
		CA6561CF17FDDE9000285E4A /* Build configuration list for PBXNativeTarget "iOSArchitecture" */ = {
			isa = XCConfigurationList;
			buildConfigurations = (
				CA6561D017FDDE9000285E4A /* Debug */,
				CA6561D117FDDE9000285E4A /* Release */,
			);
			defaultConfigurationIsVisible = 0;
			defaultConfigurationName = Release;
		};
		CA6561D217FDDE9000285E4A /* Build configuration list for PBXNativeTarget "iOSArchitectureTests" */ = {
			isa = XCConfigurationList;
			buildConfigurations = (
				CA6561D317FDDE9000285E4A /* Debug */,
				CA6561D417FDDE9000285E4A /* Release */,
			);
			defaultConfigurationIsVisible = 0;
			defaultConfigurationName = Release;
		};
/* End XCConfigurationList section */
	};
	rootObject = CA65619B17FDDE9000285E4A /* Project object */;
}
